
Microsoft Visual Studio Solution File, Format Version 12.00
# Visual Studio Version 16
VisualStudioVersion = 16.0.30320.27
MinimumVisualStudioVersion = 10.0.40219.1
Project("{2150E333-8FDC-42A3-9474-1A3956D46DE8}") = "src", "src", "{4FEBF89F-A3F3-466F-831A-6E0FA25D9D31}"
EndProject
Project("{2150E333-8FDC-42A3-9474-1A3956D46DE8}") = "Building Blocks", "Building Blocks", "{10A47CDA-9D54-4E74-B8A0-8CC01C053913}"
EndProject
Project("{2150E333-8FDC-42A3-9474-1A3956D46DE8}") = "Services", "Services", "{3B736193-2BB2-4210-91E9-B6E6EAAA3157}"
EndProject
Project("{2150E333-8FDC-42A3-9474-1A3956D46DE8}") = "Web", "Web", "{732B87D6-6DAC-4071-963A-CBF018C39F9C}"
EndProject
Project("{2150E333-8FDC-42A3-9474-1A3956D46DE8}") = "Identidade", "Identidade", "{E92B226A-FB49-4220-9288-445B3C7BFD05}"
EndProject
Project("{FAE04EC0-301F-11D3-BF4B-00C04F79EFBC}") = "NSE.Identidade.API", "src\services\NSE.Identidade.API\NSE.Identidade.API.csproj", "{37AAB6C1-7E83-4534-89DC-6C468FD2CD33}"
EndProject
Project("{FAE04EC0-301F-11D3-BF4B-00C04F79EFBC}") = "NSE.WebApp.MVC", "src\web\NSE.WebApp.MVC\NSE.WebApp.MVC.csproj", "{AD3EE3F3-9866-4F43-9EA4-78856B208F65}"
EndProject
Project("{2150E333-8FDC-42A3-9474-1A3956D46DE8}") = "Core", "Core", "{A6B5F5CC-2811-4E5F-AEE0-CC81518A9757}"
EndProject
Project("{FAE04EC0-301F-11D3-BF4B-00C04F79EFBC}") = "NSE.Core", "src\building blocks\NSE.Core\NSE.Core.csproj", "{995580BA-6A18-4A76-B97D-865632655BCA}"
EndProject
Project("{2150E333-8FDC-42A3-9474-1A3956D46DE8}") = "Carrinho", "Carrinho", "{41E99938-7A52-44EF-B546-EB80DB2D6129}"
EndProject
Project("{2150E333-8FDC-42A3-9474-1A3956D46DE8}") = "Cliente", "Cliente", "{05FE4B18-2E4B-4D28-BDCD-93A9B0AD5476}"
EndProject
Project("{2150E333-8FDC-42A3-9474-1A3956D46DE8}") = "Pagamento", "Pagamento", "{1A9BBEDC-3268-4AC6-BD22-D584CFFE2F5D}"
EndProject
Project("{2150E333-8FDC-42A3-9474-1A3956D46DE8}") = "Pedido", "Pedido", "{1E79B1E0-F30D-42CE-A2D6-65AF4C777DCB}"
EndProject
Project("{FAE04EC0-301F-11D3-BF4B-00C04F79EFBC}") = "NSE.Carrinho.API", "src\services\NSE.Carrinho.API\NSE.Carrinho.API.csproj", "{F7BB9C4C-EB3B-4E19-8591-3C9FED3BDF03}"
EndProject
Project("{2150E333-8FDC-42A3-9474-1A3956D46DE8}") = "Catalogo", "Catalogo", "{BCB7927B-7414-4AF5-B61B-D57CABCDFFFC}"
EndProject
Project("{FAE04EC0-301F-11D3-BF4B-00C04F79EFBC}") = "NSE.Catalogo.API", "src\services\NSE.Catalogo.API\NSE.Catalogo.API.csproj", "{73A07C9A-C589-40A0-9D86-6C578351B2FC}"
EndProject
Project("{FAE04EC0-301F-11D3-BF4B-00C04F79EFBC}") = "NSE.Cliente.API", "src\services\NSE.Cliente.API\NSE.Cliente.API.csproj", "{7FFE2F9C-BE39-4CFF-AC0A-6C1AAF92DA9C}"
EndProject
Project("{FAE04EC0-301F-11D3-BF4B-00C04F79EFBC}") = "NSE.Pagamento.API", "src\services\NSE.Pagamento.API\NSE.Pagamento.API.csproj", "{2BCCEFA4-97C5-49EB-98D1-CFFCBBCFDBE7}"
EndProject
Project("{FAE04EC0-301F-11D3-BF4B-00C04F79EFBC}") = "NSE.Pedido.API", "src\services\NSE.Pedido.API\NSE.Pedido.API.csproj", "{C7CA69B9-D3B5-4CDF-A0CE-47281A292400}"
EndProject
Global
	GlobalSection(SolutionConfigurationPlatforms) = preSolution
		Debug|Any CPU = Debug|Any CPU
		Release|Any CPU = Release|Any CPU
	EndGlobalSection
	GlobalSection(ProjectConfigurationPlatforms) = postSolution
		{37AAB6C1-7E83-4534-89DC-6C468FD2CD33}.Debug|Any CPU.ActiveCfg = Debug|Any CPU
		{37AAB6C1-7E83-4534-89DC-6C468FD2CD33}.Debug|Any CPU.Build.0 = Debug|Any CPU
		{37AAB6C1-7E83-4534-89DC-6C468FD2CD33}.Release|Any CPU.ActiveCfg = Release|Any CPU
		{37AAB6C1-7E83-4534-89DC-6C468FD2CD33}.Release|Any CPU.Build.0 = Release|Any CPU
		{AD3EE3F3-9866-4F43-9EA4-78856B208F65}.Debug|Any CPU.ActiveCfg = Debug|Any CPU
		{AD3EE3F3-9866-4F43-9EA4-78856B208F65}.Debug|Any CPU.Build.0 = Debug|Any CPU
		{AD3EE3F3-9866-4F43-9EA4-78856B208F65}.Release|Any CPU.ActiveCfg = Release|Any CPU
		{AD3EE3F3-9866-4F43-9EA4-78856B208F65}.Release|Any CPU.Build.0 = Release|Any CPU
		{995580BA-6A18-4A76-B97D-865632655BCA}.Debug|Any CPU.ActiveCfg = Debug|Any CPU
		{995580BA-6A18-4A76-B97D-865632655BCA}.Debug|Any CPU.Build.0 = Debug|Any CPU
		{995580BA-6A18-4A76-B97D-865632655BCA}.Release|Any CPU.ActiveCfg = Release|Any CPU
		{995580BA-6A18-4A76-B97D-865632655BCA}.Release|Any CPU.Build.0 = Release|Any CPU
		{F7BB9C4C-EB3B-4E19-8591-3C9FED3BDF03}.Debug|Any CPU.ActiveCfg = Debug|Any CPU
		{F7BB9C4C-EB3B-4E19-8591-3C9FED3BDF03}.Debug|Any CPU.Build.0 = Debug|Any CPU
		{F7BB9C4C-EB3B-4E19-8591-3C9FED3BDF03}.Release|Any CPU.ActiveCfg = Release|Any CPU
		{F7BB9C4C-EB3B-4E19-8591-3C9FED3BDF03}.Release|Any CPU.Build.0 = Release|Any CPU
		{73A07C9A-C589-40A0-9D86-6C578351B2FC}.Debug|Any CPU.ActiveCfg = Debug|Any CPU
		{73A07C9A-C589-40A0-9D86-6C578351B2FC}.Debug|Any CPU.Build.0 = Debug|Any CPU
		{73A07C9A-C589-40A0-9D86-6C578351B2FC}.Release|Any CPU.ActiveCfg = Release|Any CPU
		{73A07C9A-C589-40A0-9D86-6C578351B2FC}.Release|Any CPU.Build.0 = Release|Any CPU
		{7FFE2F9C-BE39-4CFF-AC0A-6C1AAF92DA9C}.Debug|Any CPU.ActiveCfg = Debug|Any CPU
		{7FFE2F9C-BE39-4CFF-AC0A-6C1AAF92DA9C}.Debug|Any CPU.Build.0 = Debug|Any CPU
		{7FFE2F9C-BE39-4CFF-AC0A-6C1AAF92DA9C}.Release|Any CPU.ActiveCfg = Release|Any CPU
		{7FFE2F9C-BE39-4CFF-AC0A-6C1AAF92DA9C}.Release|Any CPU.Build.0 = Release|Any CPU
		{2BCCEFA4-97C5-49EB-98D1-CFFCBBCFDBE7}.Debug|Any CPU.ActiveCfg = Debug|Any CPU
		{2BCCEFA4-97C5-49EB-98D1-CFFCBBCFDBE7}.Debug|Any CPU.Build.0 = Debug|Any CPU
		{2BCCEFA4-97C5-49EB-98D1-CFFCBBCFDBE7}.Release|Any CPU.ActiveCfg = Release|Any CPU
		{2BCCEFA4-97C5-49EB-98D1-CFFCBBCFDBE7}.Release|Any CPU.Build.0 = Release|Any CPU
		{C7CA69B9-D3B5-4CDF-A0CE-47281A292400}.Debug|Any CPU.ActiveCfg = Debug|Any CPU
		{C7CA69B9-D3B5-4CDF-A0CE-47281A292400}.Debug|Any CPU.Build.0 = Debug|Any CPU
		{C7CA69B9-D3B5-4CDF-A0CE-47281A292400}.Release|Any CPU.ActiveCfg = Release|Any CPU
		{C7CA69B9-D3B5-4CDF-A0CE-47281A292400}.Release|Any CPU.Build.0 = Release|Any CPU
	EndGlobalSection
	GlobalSection(SolutionProperties) = preSolution
		HideSolutionNode = FALSE
	EndGlobalSection
	GlobalSection(NestedProjects) = preSolution
		{10A47CDA-9D54-4E74-B8A0-8CC01C053913} = {4FEBF89F-A3F3-466F-831A-6E0FA25D9D31}
		{3B736193-2BB2-4210-91E9-B6E6EAAA3157} = {4FEBF89F-A3F3-466F-831A-6E0FA25D9D31}
		{732B87D6-6DAC-4071-963A-CBF018C39F9C} = {4FEBF89F-A3F3-466F-831A-6E0FA25D9D31}
		{E92B226A-FB49-4220-9288-445B3C7BFD05} = {3B736193-2BB2-4210-91E9-B6E6EAAA3157}
		{37AAB6C1-7E83-4534-89DC-6C468FD2CD33} = {E92B226A-FB49-4220-9288-445B3C7BFD05}
		{AD3EE3F3-9866-4F43-9EA4-78856B208F65} = {732B87D6-6DAC-4071-963A-CBF018C39F9C}
		{A6B5F5CC-2811-4E5F-AEE0-CC81518A9757} = {10A47CDA-9D54-4E74-B8A0-8CC01C053913}
		{995580BA-6A18-4A76-B97D-865632655BCA} = {A6B5F5CC-2811-4E5F-AEE0-CC81518A9757}
		{41E99938-7A52-44EF-B546-EB80DB2D6129} = {3B736193-2BB2-4210-91E9-B6E6EAAA3157}
		{05FE4B18-2E4B-4D28-BDCD-93A9B0AD5476} = {3B736193-2BB2-4210-91E9-B6E6EAAA3157}
		{1A9BBEDC-3268-4AC6-BD22-D584CFFE2F5D} = {3B736193-2BB2-4210-91E9-B6E6EAAA3157}
		{1E79B1E0-F30D-42CE-A2D6-65AF4C777DCB} = {3B736193-2BB2-4210-91E9-B6E6EAAA3157}
		{F7BB9C4C-EB3B-4E19-8591-3C9FED3BDF03} = {41E99938-7A52-44EF-B546-EB80DB2D6129}
		{BCB7927B-7414-4AF5-B61B-D57CABCDFFFC} = {3B736193-2BB2-4210-91E9-B6E6EAAA3157}
		{73A07C9A-C589-40A0-9D86-6C578351B2FC} = {BCB7927B-7414-4AF5-B61B-D57CABCDFFFC}
		{7FFE2F9C-BE39-4CFF-AC0A-6C1AAF92DA9C} = {05FE4B18-2E4B-4D28-BDCD-93A9B0AD5476}
		{2BCCEFA4-97C5-49EB-98D1-CFFCBBCFDBE7} = {1A9BBEDC-3268-4AC6-BD22-D584CFFE2F5D}
		{C7CA69B9-D3B5-4CDF-A0CE-47281A292400} = {1E79B1E0-F30D-42CE-A2D6-65AF4C777DCB}
	EndGlobalSection
	GlobalSection(ExtensibilityGlobals) = postSolution
		SolutionGuid = {638D0766-E46A-48C2-AF2A-C26300F27001}
	EndGlobalSection
EndGlobal
